// !$*UTF8*$!
{
	archiveVersion = 1;
	classes = {
	};
	objectVersion = 46;
	objects = {

/* Begin PBXBuildFile section */
		0EB73EB37E08DB06675BD562 /* Pods_ieeeNSIT.framework in Frameworks */ = {isa = PBXBuildFile; fileRef = 2F35AFAE59B36F49C7D2DCA2 /* Pods_ieeeNSIT.framework */; };
		5506B22B1E3F889B00B8589E /* gallery@2x.png in Resources */ = {isa = PBXBuildFile; fileRef = 5506B22A1E3F889B00B8589E /* gallery@2x.png */; };
		55170DD11DAFFE62008457F0 /* ieeeNoImageFeedCell.swift in Sources */ = {isa = PBXBuildFile; fileRef = 55170DD01DAFFE62008457F0 /* ieeeNoImageFeedCell.swift */; };
		5523DF1D1DAFC307005046B9 /* color.swift in Sources */ = {isa = PBXBuildFile; fileRef = 5523DF1C1DAFC307005046B9 /* color.swift */; };
		5523DF1F1DAFC78C005046B9 /* ic_thumb_up_black_48dp_2x.png in Resources */ = {isa = PBXBuildFile; fileRef = 5523DF1E1DAFC78C005046B9 /* ic_thumb_up_black_48dp_2x.png */; };
		5532F52C1E17FD8100AF8FD8 /* eventsRefresher.png in Resources */ = {isa = PBXBuildFile; fileRef = 5532F52B1E17FD8100AF8FD8 /* eventsRefresher.png */; };
		553F68BE1DAD5E3100EA3A75 /* feedTableView.swift in Sources */ = {isa = PBXBuildFile; fileRef = 553F68BD1DAD5E3100EA3A75 /* feedTableView.swift */; };
		5541F32A1DB023C600846335 /* star-100@3x.png in Resources */ = {isa = PBXBuildFile; fileRef = 5541F3291DB023C600846335 /* star-100@3x.png */; };
		5541F32C1DB026FB00846335 /* ic_thumb_up_3x.png in Resources */ = {isa = PBXBuildFile; fileRef = 5541F32B1DB026FB00846335 /* ic_thumb_up_3x.png */; };
		554A554E1DB086420018E8F5 /* File.swift in Sources */ = {isa = PBXBuildFile; fileRef = 554A554D1DB086420018E8F5 /* File.swift */; };
		554A55501DB091F20018E8F5 /* SDInstantArticleViewController.swift in Sources */ = {isa = PBXBuildFile; fileRef = 554A554F1DB091F20018E8F5 /* SDInstantArticleViewController.swift */; };
		5575248B1E3A5CED008261BD /* SwapToastView.swift in Sources */ = {isa = PBXBuildFile; fileRef = 5575248A1E3A5CED008261BD /* SwapToastView.swift */; };
		558553B11DAFC814003B6C48 /* ieeeFeedCell.swift in Sources */ = {isa = PBXBuildFile; fileRef = 558553B01DAFC814003B6C48 /* ieeeFeedCell.swift */; };
		5592E1771DB2555700A57FCD /* noImageFeedPageTest.swift in Sources */ = {isa = PBXBuildFile; fileRef = 5592E1761DB2555700A57FCD /* noImageFeedPageTest.swift */; };
		55977BF11E37CF8400887E89 /* pushNotifications.PNG in Resources */ = {isa = PBXBuildFile; fileRef = 55977BF01E37CF8400887E89 /* pushNotifications.PNG */; };
		559F65211E449BC100E82D54 /* BlurCaptionView.swift in Sources */ = {isa = PBXBuildFile; fileRef = 559F65201E449BC100E82D54 /* BlurCaptionView.swift */; };
		559F65231E44A60300E82D54 /* ieeeTrans.png in Resources */ = {isa = PBXBuildFile; fileRef = 559F65221E44A60300E82D54 /* ieeeTrans.png */; };
		559F65261E44A7E400E82D54 /* ieeeiOS180@3x.png in Resources */ = {isa = PBXBuildFile; fileRef = 559F65241E44A7E400E82D54 /* ieeeiOS180@3x.png */; };
		559F65271E44A7E400E82D54 /* ieeeiOS120@2x.png in Resources */ = {isa = PBXBuildFile; fileRef = 559F65251E44A7E400E82D54 /* ieeeiOS120@2x.png */; };
		559F65291E44A8F400E82D54 /* ieeeiOS80@2x.png in Resources */ = {isa = PBXBuildFile; fileRef = 559F65281E44A8F400E82D54 /* ieeeiOS80@2x.png */; };
		559F652B1E44A97700E82D54 /* ieeeiOS87@3x.png in Resources */ = {isa = PBXBuildFile; fileRef = 559F652A1E44A97700E82D54 /* ieeeiOS87@3x.png */; };
		559F652F1E44AA0D00E82D54 /* ieeeiOS58@2x.png in Resources */ = {isa = PBXBuildFile; fileRef = 559F652E1E44AA0D00E82D54 /* ieeeiOS58@2x.png */; };
		559F65311E44AA6100E82D54 /* ieeeiOS40@2x.png in Resources */ = {isa = PBXBuildFile; fileRef = 559F65301E44AA6100E82D54 /* ieeeiOS40@2x.png */; };
		559F65331E44AA7000E82D54 /* ieeeiOS60@2x.png in Resources */ = {isa = PBXBuildFile; fileRef = 559F65321E44AA7000E82D54 /* ieeeiOS60@2x.png */; };
		55A136E61DAE25AC001AB95A /* connection.swift in Sources */ = {isa = PBXBuildFile; fileRef = 55A136E51DAE25AC001AB95A /* connection.swift */; };
		55A874DE1E3D18DD004434B3 /* id@2x.png in Resources */ = {isa = PBXBuildFile; fileRef = 55A874DD1E3D18DD004434B3 /* id@2x.png */; };
		55A874E01E3D191D004434B3 /* ieeeIDViewController.swift in Sources */ = {isa = PBXBuildFile; fileRef = 55A874DF1E3D191D004434B3 /* ieeeIDViewController.swift */; };
		55A874E21E3D1946004434B3 /* welcomeView.swift in Sources */ = {isa = PBXBuildFile; fileRef = 55A874E11E3D1946004434B3 /* welcomeView.swift */; };
		55AFDDF11E4380410059CB16 /* home.PNG in Resources */ = {isa = PBXBuildFile; fileRef = 55AFDDF01E4380410059CB16 /* home.PNG */; };
		55AFDDF31E43804E0059CB16 /* post.PNG in Resources */ = {isa = PBXBuildFile; fileRef = 55AFDDF21E43804E0059CB16 /* post.PNG */; };
		55AFDDF51E4380A10059CB16 /* events.PNG in Resources */ = {isa = PBXBuildFile; fileRef = 55AFDDF41E4380A10059CB16 /* events.PNG */; };
		55AFDDF71E43840E0059CB16 /* gallery.PNG in Resources */ = {isa = PBXBuildFile; fileRef = 55AFDDF61E43840E0059CB16 /* gallery.PNG */; };
		55AFDDF91E439F230059CB16 /* id.PNG in Resources */ = {isa = PBXBuildFile; fileRef = 55AFDDF81E439F230059CB16 /* id.PNG */; };
		55C300C71E2BE3DB0012BAB5 /* placeholder.png in Resources */ = {isa = PBXBuildFile; fileRef = 55C300C61E2BE3DB0012BAB5 /* placeholder.png */; };
		55D0C3E71DF993C6003BEB0B /* ieee_logo-2.png in Resources */ = {isa = PBXBuildFile; fileRef = 55D0C3E61DF993C6003BEB0B /* ieee_logo-2.png */; };
		55D0C3E91DF994CB003BEB0B /* eventsViewController.swift in Sources */ = {isa = PBXBuildFile; fileRef = 55D0C3E81DF994CB003BEB0B /* eventsViewController.swift */; };
		55D0C3ED1DF9EA81003BEB0B /* heart.png in Resources */ = {isa = PBXBuildFile; fileRef = 55D0C3EC1DF9EA81003BEB0B /* heart.png */; };
		55D0C3EF1DF9F47C003BEB0B /* refresh.png in Resources */ = {isa = PBXBuildFile; fileRef = 55D0C3EE1DF9F47C003BEB0B /* refresh.png */; };
		55D0C3F11DF9F78B003BEB0B /* home@2x.png in Resources */ = {isa = PBXBuildFile; fileRef = 55D0C3F01DF9F78B003BEB0B /* home@2x.png */; };
		55D0C3F31DF9F81A003BEB0B /* event@2x.png in Resources */ = {isa = PBXBuildFile; fileRef = 55D0C3F21DF9F81A003BEB0B /* event@2x.png */; };
		55D3D39B1DB368F300D5A014 /* spinner.swift in Sources */ = {isa = PBXBuildFile; fileRef = 55D3D39A1DB368F300D5A014 /* spinner.swift */; };
		55DC06471E3E32B7005A8D3A /* ieeeWatermark.png in Resources */ = {isa = PBXBuildFile; fileRef = 55DC06461E3E32B7005A8D3A /* ieeeWatermark.png */; };
		55E3D7441E40D6580011761E /* galleryViewController.swift in Sources */ = {isa = PBXBuildFile; fileRef = 55E3D7431E40D6580011761E /* galleryViewController.swift */; };
		55F1F8B61DAB671500B93D50 /* AppDelegate.swift in Sources */ = {isa = PBXBuildFile; fileRef = 55F1F8B51DAB671500B93D50 /* AppDelegate.swift */; };
		55F1F8BD1DAB671500B93D50 /* Main.storyboard in Resources */ = {isa = PBXBuildFile; fileRef = 55F1F8BB1DAB671500B93D50 /* Main.storyboard */; };
		55F1F8BF1DAB671500B93D50 /* Assets.xcassets in Resources */ = {isa = PBXBuildFile; fileRef = 55F1F8BE1DAB671500B93D50 /* Assets.xcassets */; };
		55F1F8C21DAB671500B93D50 /* LaunchScreen.storyboard in Resources */ = {isa = PBXBuildFile; fileRef = 55F1F8C01DAB671500B93D50 /* LaunchScreen.storyboard */; };
/* End PBXBuildFile section */

/* Begin PBXFileReference section */
		2F35AFAE59B36F49C7D2DCA2 /* Pods_ieeeNSIT.framework */ = {isa = PBXFileReference; explicitFileType = wrapper.framework; includeInIndex = 0; path = Pods_ieeeNSIT.framework; sourceTree = BUILT_PRODUCTS_DIR; };
		5506B22A1E3F889B00B8589E /* gallery@2x.png */ = {isa = PBXFileReference; lastKnownFileType = image.png; path = "gallery@2x.png"; sourceTree = "<group>"; };
		55170DD01DAFFE62008457F0 /* ieeeNoImageFeedCell.swift */ = {isa = PBXFileReference; fileEncoding = 4; lastKnownFileType = sourcecode.swift; path = ieeeNoImageFeedCell.swift; sourceTree = "<group>"; };
		5523DF1C1DAFC307005046B9 /* color.swift */ = {isa = PBXFileReference; fileEncoding = 4; lastKnownFileType = sourcecode.swift; path = color.swift; sourceTree = "<group>"; };
		5523DF1E1DAFC78C005046B9 /* ic_thumb_up_black_48dp_2x.png */ = {isa = PBXFileReference; lastKnownFileType = image.png; path = ic_thumb_up_black_48dp_2x.png; sourceTree = "<group>"; };
		5532F52B1E17FD8100AF8FD8 /* eventsRefresher.png */ = {isa = PBXFileReference; lastKnownFileType = image.png; path = eventsRefresher.png; sourceTree = "<group>"; };
		553F68BD1DAD5E3100EA3A75 /* feedTableView.swift */ = {isa = PBXFileReference; fileEncoding = 4; lastKnownFileType = sourcecode.swift; path = feedTableView.swift; sourceTree = "<group>"; };
		5541F3291DB023C600846335 /* star-100@3x.png */ = {isa = PBXFileReference; lastKnownFileType = image.png; path = "star-100@3x.png"; sourceTree = "<group>"; };
		5541F32B1DB026FB00846335 /* ic_thumb_up_3x.png */ = {isa = PBXFileReference; lastKnownFileType = image.png; path = ic_thumb_up_3x.png; sourceTree = "<group>"; };
		554A554D1DB086420018E8F5 /* File.swift */ = {isa = PBXFileReference; fileEncoding = 4; lastKnownFileType = sourcecode.swift; path = File.swift; sourceTree = "<group>"; };
		554A554F1DB091F20018E8F5 /* SDInstantArticleViewController.swift */ = {isa = PBXFileReference; fileEncoding = 4; lastKnownFileType = sourcecode.swift; path = SDInstantArticleViewController.swift; sourceTree = "<group>"; };
		5575248A1E3A5CED008261BD /* SwapToastView.swift */ = {isa = PBXFileReference; fileEncoding = 4; lastKnownFileType = sourcecode.swift; path = SwapToastView.swift; sourceTree = "<group>"; };
		558553B01DAFC814003B6C48 /* ieeeFeedCell.swift */ = {isa = PBXFileReference; fileEncoding = 4; lastKnownFileType = sourcecode.swift; path = ieeeFeedCell.swift; sourceTree = "<group>"; };
		5592E1761DB2555700A57FCD /* noImageFeedPageTest.swift */ = {isa = PBXFileReference; fileEncoding = 4; lastKnownFileType = sourcecode.swift; path = noImageFeedPageTest.swift; sourceTree = "<group>"; };
		55977BF01E37CF8400887E89 /* pushNotifications.PNG */ = {isa = PBXFileReference; lastKnownFileType = image.png; path = pushNotifications.PNG; sourceTree = "<group>"; };
		559F65201E449BC100E82D54 /* BlurCaptionView.swift */ = {isa = PBXFileReference; fileEncoding = 4; lastKnownFileType = sourcecode.swift; path = BlurCaptionView.swift; sourceTree = "<group>"; };
		559F65221E44A60300E82D54 /* ieeeTrans.png */ = {isa = PBXFileReference; lastKnownFileType = image.png; path = ieeeTrans.png; sourceTree = "<group>"; };
		559F65241E44A7E400E82D54 /* ieeeiOS180@3x.png */ = {isa = PBXFileReference; lastKnownFileType = image.png; path = "ieeeiOS180@3x.png"; sourceTree = "<group>"; };
		559F65251E44A7E400E82D54 /* ieeeiOS120@2x.png */ = {isa = PBXFileReference; lastKnownFileType = image.png; path = "ieeeiOS120@2x.png"; sourceTree = "<group>"; };
		559F65281E44A8F400E82D54 /* ieeeiOS80@2x.png */ = {isa = PBXFileReference; lastKnownFileType = image.png; path = "ieeeiOS80@2x.png"; sourceTree = "<group>"; };
		559F652A1E44A97700E82D54 /* ieeeiOS87@3x.png */ = {isa = PBXFileReference; lastKnownFileType = image.png; path = "ieeeiOS87@3x.png"; sourceTree = "<group>"; };
		559F652E1E44AA0D00E82D54 /* ieeeiOS58@2x.png */ = {isa = PBXFileReference; lastKnownFileType = image.png; path = "ieeeiOS58@2x.png"; sourceTree = "<group>"; };
		559F65301E44AA6100E82D54 /* ieeeiOS40@2x.png */ = {isa = PBXFileReference; lastKnownFileType = image.png; path = "ieeeiOS40@2x.png"; sourceTree = "<group>"; };
		559F65321E44AA7000E82D54 /* ieeeiOS60@2x.png */ = {isa = PBXFileReference; lastKnownFileType = image.png; path = "ieeeiOS60@2x.png"; sourceTree = "<group>"; };
		55A136E51DAE25AC001AB95A /* connection.swift */ = {isa = PBXFileReference; fileEncoding = 4; lastKnownFileType = sourcecode.swift; path = connection.swift; sourceTree = "<group>"; };
		55A874DD1E3D18DD004434B3 /* id@2x.png */ = {isa = PBXFileReference; lastKnownFileType = image.png; path = "id@2x.png"; sourceTree = "<group>"; };
		55A874DF1E3D191D004434B3 /* ieeeIDViewController.swift */ = {isa = PBXFileReference; fileEncoding = 4; lastKnownFileType = sourcecode.swift; path = ieeeIDViewController.swift; sourceTree = "<group>"; };
		55A874E11E3D1946004434B3 /* welcomeView.swift */ = {isa = PBXFileReference; fileEncoding = 4; lastKnownFileType = sourcecode.swift; path = welcomeView.swift; sourceTree = "<group>"; };
		55AFDDF01E4380410059CB16 /* home.PNG */ = {isa = PBXFileReference; lastKnownFileType = image.png; path = home.PNG; sourceTree = "<group>"; };
		55AFDDF21E43804E0059CB16 /* post.PNG */ = {isa = PBXFileReference; lastKnownFileType = image.png; path = post.PNG; sourceTree = "<group>"; };
		55AFDDF41E4380A10059CB16 /* events.PNG */ = {isa = PBXFileReference; lastKnownFileType = image.png; path = events.PNG; sourceTree = "<group>"; };
		55AFDDF61E43840E0059CB16 /* gallery.PNG */ = {isa = PBXFileReference; lastKnownFileType = image.png; path = gallery.PNG; sourceTree = "<group>"; };
		55AFDDF81E439F230059CB16 /* id.PNG */ = {isa = PBXFileReference; lastKnownFileType = image.png; path = id.PNG; sourceTree = "<group>"; };
		55C300C61E2BE3DB0012BAB5 /* placeholder.png */ = {isa = PBXFileReference; lastKnownFileType = image.png; path = placeholder.png; sourceTree = "<group>"; };
		55D0C3E61DF993C6003BEB0B /* ieee_logo-2.png */ = {isa = PBXFileReference; lastKnownFileType = image.png; path = "ieee_logo-2.png"; sourceTree = "<group>"; };
		55D0C3E81DF994CB003BEB0B /* eventsViewController.swift */ = {isa = PBXFileReference; fileEncoding = 4; lastKnownFileType = sourcecode.swift; path = eventsViewController.swift; sourceTree = "<group>"; };
		55D0C3EC1DF9EA81003BEB0B /* heart.png */ = {isa = PBXFileReference; lastKnownFileType = image.png; path = heart.png; sourceTree = "<group>"; };
		55D0C3EE1DF9F47C003BEB0B /* refresh.png */ = {isa = PBXFileReference; lastKnownFileType = image.png; path = refresh.png; sourceTree = "<group>"; };
		55D0C3F01DF9F78B003BEB0B /* home@2x.png */ = {isa = PBXFileReference; lastKnownFileType = image.png; path = "home@2x.png"; sourceTree = "<group>"; };
		55D0C3F21DF9F81A003BEB0B /* event@2x.png */ = {isa = PBXFileReference; lastKnownFileType = image.png; path = "event@2x.png"; sourceTree = "<group>"; };
		55D3D39A1DB368F300D5A014 /* spinner.swift */ = {isa = PBXFileReference; fileEncoding = 4; lastKnownFileType = sourcecode.swift; path = spinner.swift; sourceTree = "<group>"; };
		55DC06461E3E32B7005A8D3A /* ieeeWatermark.png */ = {isa = PBXFileReference; lastKnownFileType = image.png; path = ieeeWatermark.png; sourceTree = "<group>"; };
		55E3D7431E40D6580011761E /* galleryViewController.swift */ = {isa = PBXFileReference; fileEncoding = 4; lastKnownFileType = sourcecode.swift; path = galleryViewController.swift; sourceTree = "<group>"; };
		55E88BFE1E2B42270029A07E /* ieeeNSIT.entitlements */ = {isa = PBXFileReference; lastKnownFileType = text.plist.entitlements; path = ieeeNSIT.entitlements; sourceTree = "<group>"; };
		55F1F8B21DAB671500B93D50 /* ieeeNSIT.app */ = {isa = PBXFileReference; explicitFileType = wrapper.application; includeInIndex = 0; path = ieeeNSIT.app; sourceTree = BUILT_PRODUCTS_DIR; };
		55F1F8B51DAB671500B93D50 /* AppDelegate.swift */ = {isa = PBXFileReference; lastKnownFileType = sourcecode.swift; path = AppDelegate.swift; sourceTree = "<group>"; };
		55F1F8BC1DAB671500B93D50 /* Base */ = {isa = PBXFileReference; lastKnownFileType = file.storyboard; name = Base; path = Base.lproj/Main.storyboard; sourceTree = "<group>"; };
		55F1F8BE1DAB671500B93D50 /* Assets.xcassets */ = {isa = PBXFileReference; lastKnownFileType = folder.assetcatalog; path = Assets.xcassets; sourceTree = "<group>"; };
		55F1F8C11DAB671500B93D50 /* Base */ = {isa = PBXFileReference; lastKnownFileType = file.storyboard; name = Base; path = Base.lproj/LaunchScreen.storyboard; sourceTree = "<group>"; };
		55F1F8C31DAB671500B93D50 /* Info.plist */ = {isa = PBXFileReference; lastKnownFileType = text.plist.xml; path = Info.plist; sourceTree = "<group>"; };
		97FD9E792CC18284AA5572F7 /* Pods-ieeeNSIT.debug.xcconfig */ = {isa = PBXFileReference; includeInIndex = 1; lastKnownFileType = text.xcconfig; name = "Pods-ieeeNSIT.debug.xcconfig"; path = "Pods/Target Support Files/Pods-ieeeNSIT/Pods-ieeeNSIT.debug.xcconfig"; sourceTree = "<group>"; };
		B2A142A6AE80190CEA534A36 /* Pods-ieeeNSIT.release.xcconfig */ = {isa = PBXFileReference; includeInIndex = 1; lastKnownFileType = text.xcconfig; name = "Pods-ieeeNSIT.release.xcconfig"; path = "Pods/Target Support Files/Pods-ieeeNSIT/Pods-ieeeNSIT.release.xcconfig"; sourceTree = "<group>"; };
/* End PBXFileReference section */

/* Begin PBXFrameworksBuildPhase section */
		55F1F8AF1DAB671500B93D50 /* Frameworks */ = {
			isa = PBXFrameworksBuildPhase;
			buildActionMask = 2147483647;
			files = (
				0EB73EB37E08DB06675BD562 /* Pods_ieeeNSIT.framework in Frameworks */,
			);
			runOnlyForDeploymentPostprocessing = 0;
		};
/* End PBXFrameworksBuildPhase section */

/* Begin PBXGroup section */
		536D2ED20AE91AB280C15835 /* Pods */ = {
			isa = PBXGroup;
			children = (
				97FD9E792CC18284AA5572F7 /* Pods-ieeeNSIT.debug.xcconfig */,
				B2A142A6AE80190CEA534A36 /* Pods-ieeeNSIT.release.xcconfig */,
			);
			name = Pods;
			sourceTree = "<group>";
		};
		5523DF201DAFC792005046B9 /* Images */ = {
			isa = PBXGroup;
			children = (
				559F65221E44A60300E82D54 /* ieeeTrans.png */,
				5506B22A1E3F889B00B8589E /* gallery@2x.png */,
				55DC06461E3E32B7005A8D3A /* ieeeWatermark.png */,
				5532F52B1E17FD8100AF8FD8 /* eventsRefresher.png */,
				5523DF1E1DAFC78C005046B9 /* ic_thumb_up_black_48dp_2x.png */,
				5541F32B1DB026FB00846335 /* ic_thumb_up_3x.png */,
				5541F3291DB023C600846335 /* star-100@3x.png */,
				55D0C3EE1DF9F47C003BEB0B /* refresh.png */,
				55D0C3F01DF9F78B003BEB0B /* home@2x.png */,
				55D0C3F21DF9F81A003BEB0B /* event@2x.png */,
				55A874DD1E3D18DD004434B3 /* id@2x.png */,
				55D0C3E61DF993C6003BEB0B /* ieee_logo-2.png */,
				55D0C3EC1DF9EA81003BEB0B /* heart.png */,
				55C300C61E2BE3DB0012BAB5 /* placeholder.png */,
			);
			name = Images;
			sourceTree = "<group>";
		};
		55A6C3D41E44B23000C7BA3F /* Icons */ = {
			isa = PBXGroup;
			children = (
				559F65301E44AA6100E82D54 /* ieeeiOS40@2x.png */,
				559F65321E44AA7000E82D54 /* ieeeiOS60@2x.png */,
				559F652E1E44AA0D00E82D54 /* ieeeiOS58@2x.png */,
				559F65241E44A7E400E82D54 /* ieeeiOS180@3x.png */,
				559F65251E44A7E400E82D54 /* ieeeiOS120@2x.png */,
				559F65281E44A8F400E82D54 /* ieeeiOS80@2x.png */,
				559F652A1E44A97700E82D54 /* ieeeiOS87@3x.png */,
			);
			name = Icons;
			sourceTree = "<group>";
		};
		55DEF0171DFBCF8E00461F18 /* Screenshots */ = {
			isa = PBXGroup;
			children = (
				55AFDDF01E4380410059CB16 /* home.PNG */,
				55AFDDF41E4380A10059CB16 /* events.PNG */,
				55AFDDF81E439F230059CB16 /* id.PNG */,
				55AFDDF61E43840E0059CB16 /* gallery.PNG */,
				55AFDDF21E43804E0059CB16 /* post.PNG */,
				55977BF01E37CF8400887E89 /* pushNotifications.PNG */,
			);
			name = Screenshots;
			sourceTree = "<group>";
		};
		55F1F8A91DAB671500B93D50 = {
			isa = PBXGroup;
			children = (
				55F1F8B41DAB671500B93D50 /* ieeeNSIT */,
				55F1F8B31DAB671500B93D50 /* Products */,
				536D2ED20AE91AB280C15835 /* Pods */,
				8E89488F91126BD256F85DF6 /* Frameworks */,
			);
			sourceTree = "<group>";
		};
		55F1F8B31DAB671500B93D50 /* Products */ = {
			isa = PBXGroup;
			children = (
				55F1F8B21DAB671500B93D50 /* ieeeNSIT.app */,
			);
			name = Products;
			sourceTree = "<group>";
		};
		55F1F8B41DAB671500B93D50 /* ieeeNSIT */ = {
			isa = PBXGroup;
			children = (
				55E88BFE1E2B42270029A07E /* ieeeNSIT.entitlements */,
				55F1F8BB1DAB671500B93D50 /* Main.storyboard */,
				55F1F8CF1DAB693300B93D50 /* Classes */,
				5523DF201DAFC792005046B9 /* Images */,
				55A6C3D41E44B23000C7BA3F /* Icons */,
				55DEF0171DFBCF8E00461F18 /* Screenshots */,
				55F1F8BE1DAB671500B93D50 /* Assets.xcassets */,
				55F1F8C01DAB671500B93D50 /* LaunchScreen.storyboard */,
				55F1F8C31DAB671500B93D50 /* Info.plist */,
			);
			path = ieeeNSIT;
			sourceTree = "<group>";
		};
		55F1F8CF1DAB693300B93D50 /* Classes */ = {
			isa = PBXGroup;
			children = (
				55F1F8B51DAB671500B93D50 /* AppDelegate.swift */,
				55A874DF1E3D191D004434B3 /* ieeeIDViewController.swift */,
				55D0C3E81DF994CB003BEB0B /* eventsViewController.swift */,
				554A554F1DB091F20018E8F5 /* SDInstantArticleViewController.swift */,
				55E3D7431E40D6580011761E /* galleryViewController.swift */,
				559F65201E449BC100E82D54 /* BlurCaptionView.swift */,
				5592E1761DB2555700A57FCD /* noImageFeedPageTest.swift */,
				554A554D1DB086420018E8F5 /* File.swift */,
				558553B01DAFC814003B6C48 /* ieeeFeedCell.swift */,
				55170DD01DAFFE62008457F0 /* ieeeNoImageFeedCell.swift */,
				553F68BD1DAD5E3100EA3A75 /* feedTableView.swift */,
				55A136E51DAE25AC001AB95A /* connection.swift */,
				55D3D39A1DB368F300D5A014 /* spinner.swift */,
				5523DF1C1DAFC307005046B9 /* color.swift */,
				5575248A1E3A5CED008261BD /* SwapToastView.swift */,
				55A874E11E3D1946004434B3 /* welcomeView.swift */,
			);
			name = Classes;
			sourceTree = "<group>";
		};
		8E89488F91126BD256F85DF6 /* Frameworks */ = {
			isa = PBXGroup;
			children = (
				2F35AFAE59B36F49C7D2DCA2 /* Pods_ieeeNSIT.framework */,
			);
			name = Frameworks;
			sourceTree = "<group>";
		};
/* End PBXGroup section */

/* Begin PBXNativeTarget section */
		55F1F8B11DAB671500B93D50 /* ieeeNSIT */ = {
			isa = PBXNativeTarget;
			buildConfigurationList = 55F1F8C61DAB671500B93D50 /* Build configuration list for PBXNativeTarget "ieeeNSIT" */;
			buildPhases = (
				C1BB8B04E5264A44CA908426 /* [CP] Check Pods Manifest.lock */,
				55F1F8AE1DAB671500B93D50 /* Sources */,
				55F1F8AF1DAB671500B93D50 /* Frameworks */,
				55F1F8B01DAB671500B93D50 /* Resources */,
				22328A31B1CD8B2F0AF98F57 /* [CP] Embed Pods Frameworks */,
				0F0B7A02E4D90AC8BA122EE5 /* [CP] Copy Pods Resources */,
			);
			buildRules = (
			);
			dependencies = (
			);
			name = ieeeNSIT;
			productName = ieeeNSIT;
			productReference = 55F1F8B21DAB671500B93D50 /* ieeeNSIT.app */;
			productType = "com.apple.product-type.application";
		};
/* End PBXNativeTarget section */

/* Begin PBXProject section */
		55F1F8AA1DAB671500B93D50 /* Project object */ = {
			isa = PBXProject;
			attributes = {
				LastSwiftUpdateCheck = 0800;
				LastUpgradeCheck = 0820;
				ORGANIZATIONNAME = "Swapnil Dhanwal";
				TargetAttributes = {
					55F1F8B11DAB671500B93D50 = {
						CreatedOnToolsVersion = 8.0;
						DevelopmentTeam = 3A9TH8N8KH;
						ProvisioningStyle = Automatic;
						SystemCapabilities = {
							com.apple.Push = {
								enabled = 1;
							};
						};
					};
				};
			};
			buildConfigurationList = 55F1F8AD1DAB671500B93D50 /* Build configuration list for PBXProject "ieeeNSIT" */;
			compatibilityVersion = "Xcode 3.2";
			developmentRegion = English;
			hasScannedForEncodings = 0;
			knownRegions = (
				en,
				Base,
			);
			mainGroup = 55F1F8A91DAB671500B93D50;
			productRefGroup = 55F1F8B31DAB671500B93D50 /* Products */;
			projectDirPath = "";
			projectRoot = "";
			targets = (
				55F1F8B11DAB671500B93D50 /* ieeeNSIT */,
			);
		};
/* End PBXProject section */

/* Begin PBXResourcesBuildPhase section */
		55F1F8B01DAB671500B93D50 /* Resources */ = {
			isa = PBXResourcesBuildPhase;
			buildActionMask = 2147483647;
			files = (
				55C300C71E2BE3DB0012BAB5 /* placeholder.png in Resources */,
				55D0C3EF1DF9F47C003BEB0B /* refresh.png in Resources */,
				559F65231E44A60300E82D54 /* ieeeTrans.png in Resources */,
				559F65291E44A8F400E82D54 /* ieeeiOS80@2x.png in Resources */,
				55F1F8C21DAB671500B93D50 /* LaunchScreen.storyboard in Resources */,
				5541F32A1DB023C600846335 /* star-100@3x.png in Resources */,
				55F1F8BF1DAB671500B93D50 /* Assets.xcassets in Resources */,
				559F65271E44A7E400E82D54 /* ieeeiOS120@2x.png in Resources */,
				559F652B1E44A97700E82D54 /* ieeeiOS87@3x.png in Resources */,
				5532F52C1E17FD8100AF8FD8 /* eventsRefresher.png in Resources */,
				55DC06471E3E32B7005A8D3A /* ieeeWatermark.png in Resources */,
				55D0C3ED1DF9EA81003BEB0B /* heart.png in Resources */,
				55AFDDF11E4380410059CB16 /* home.PNG in Resources */,
				55AFDDF71E43840E0059CB16 /* gallery.PNG in Resources */,
				55977BF11E37CF8400887E89 /* pushNotifications.PNG in Resources */,
				55AFDDF51E4380A10059CB16 /* events.PNG in Resources */,
				559F65261E44A7E400E82D54 /* ieeeiOS180@3x.png in Resources */,
				55AFDDF91E439F230059CB16 /* id.PNG in Resources */,
				5506B22B1E3F889B00B8589E /* gallery@2x.png in Resources */,
				55F1F8BD1DAB671500B93D50 /* Main.storyboard in Resources */,
				559F652F1E44AA0D00E82D54 /* ieeeiOS58@2x.png in Resources */,
				55AFDDF31E43804E0059CB16 /* post.PNG in Resources */,
				5541F32C1DB026FB00846335 /* ic_thumb_up_3x.png in Resources */,
				559F65331E44AA7000E82D54 /* ieeeiOS60@2x.png in Resources */,
				5523DF1F1DAFC78C005046B9 /* ic_thumb_up_black_48dp_2x.png in Resources */,
				559F65311E44AA6100E82D54 /* ieeeiOS40@2x.png in Resources */,
				55D0C3E71DF993C6003BEB0B /* ieee_logo-2.png in Resources */,
				55A874DE1E3D18DD004434B3 /* id@2x.png in Resources */,
				55D0C3F31DF9F81A003BEB0B /* event@2x.png in Resources */,
				55D0C3F11DF9F78B003BEB0B /* home@2x.png in Resources */,
			);
			runOnlyForDeploymentPostprocessing = 0;
		};
/* End PBXResourcesBuildPhase section */

/* Begin PBXShellScriptBuildPhase section */
		0F0B7A02E4D90AC8BA122EE5 /* [CP] Copy Pods Resources */ = {
			isa = PBXShellScriptBuildPhase;
			buildActionMask = 2147483647;
			files = (
			);
			inputPaths = (
			);
			name = "[CP] Copy Pods Resources";
			outputPaths = (
			);
			runOnlyForDeploymentPostprocessing = 0;
			shellPath = /bin/sh;
			shellScript = "\"${SRCROOT}/Pods/Target Support Files/Pods-ieeeNSIT/Pods-ieeeNSIT-resources.sh\"\n";
			showEnvVarsInLog = 0;
		};
		22328A31B1CD8B2F0AF98F57 /* [CP] Embed Pods Frameworks */ = {
			isa = PBXShellScriptBuildPhase;
			buildActionMask = 2147483647;
			files = (
			);
			inputPaths = (
			);
			name = "[CP] Embed Pods Frameworks";
			outputPaths = (
			);
			runOnlyForDeploymentPostprocessing = 0;
			shellPath = /bin/sh;
			shellScript = "\"${SRCROOT}/Pods/Target Support Files/Pods-ieeeNSIT/Pods-ieeeNSIT-frameworks.sh\"\n";
			showEnvVarsInLog = 0;
		};
		C1BB8B04E5264A44CA908426 /* [CP] Check Pods Manifest.lock */ = {
			isa = PBXShellScriptBuildPhase;
			buildActionMask = 2147483647;
			files = (
			);
			inputPaths = (
			);
			name = "[CP] Check Pods Manifest.lock";
			outputPaths = (
			);
			runOnlyForDeploymentPostprocessing = 0;
			shellPath = /bin/sh;
			shellScript = "diff \"${PODS_ROOT}/../Podfile.lock\" \"${PODS_ROOT}/Manifest.lock\" > /dev/null\nif [ $? != 0 ] ; then\n    # print error to STDERR\n    echo \"error: The sandbox is not in sync with the Podfile.lock. Run 'pod install' or update your CocoaPods installation.\" >&2\n    exit 1\nfi\n";
			showEnvVarsInLog = 0;
		};
/* End PBXShellScriptBuildPhase section */

/* Begin PBXSourcesBuildPhase section */
		55F1F8AE1DAB671500B93D50 /* Sources */ = {
			isa = PBXSourcesBuildPhase;
			buildActionMask = 2147483647;
			files = (
				55F1F8B61DAB671500B93D50 /* AppDelegate.swift in Sources */,
				55A874E21E3D1946004434B3 /* welcomeView.swift in Sources */,
				55D3D39B1DB368F300D5A014 /* spinner.swift in Sources */,
				5523DF1D1DAFC307005046B9 /* color.swift in Sources */,
				5575248B1E3A5CED008261BD /* SwapToastView.swift in Sources */,
				55E3D7441E40D6580011761E /* galleryViewController.swift in Sources */,
				55D0C3E91DF994CB003BEB0B /* eventsViewController.swift in Sources */,
				554A55501DB091F20018E8F5 /* SDInstantArticleViewController.swift in Sources */,
				55A874E01E3D191D004434B3 /* ieeeIDViewController.swift in Sources */,
				5592E1771DB2555700A57FCD /* noImageFeedPageTest.swift in Sources */,
				554A554E1DB086420018E8F5 /* File.swift in Sources */,
				55170DD11DAFFE62008457F0 /* ieeeNoImageFeedCell.swift in Sources */,
				558553B11DAFC814003B6C48 /* ieeeFeedCell.swift in Sources */,
				553F68BE1DAD5E3100EA3A75 /* feedTableView.swift in Sources */,
				559F65211E449BC100E82D54 /* BlurCaptionView.swift in Sources */,
				55A136E61DAE25AC001AB95A /* connection.swift in Sources */,
			);
			runOnlyForDeploymentPostprocessing = 0;
		};
/* End PBXSourcesBuildPhase section */

/* Begin PBXVariantGroup section */
		55F1F8BB1DAB671500B93D50 /* Main.storyboard */ = {
			isa = PBXVariantGroup;
			children = (
				55F1F8BC1DAB671500B93D50 /* Base */,
			);
			name = Main.storyboard;
			sourceTree = "<group>";
		};
		55F1F8C01DAB671500B93D50 /* LaunchScreen.storyboard */ = {
			isa = PBXVariantGroup;
			children = (
				55F1F8C11DAB671500B93D50 /* Base */,
			);
			name = LaunchScreen.storyboard;
			sourceTree = "<group>";
		};
/* End PBXVariantGroup section */

/* Begin XCBuildConfiguration section */
		55F1F8C41DAB671500B93D50 /* Debug */ = {
			isa = XCBuildConfiguration;
			baseConfigurationReference = 97FD9E792CC18284AA5572F7 /* Pods-ieeeNSIT.debug.xcconfig */;
			buildSettings = {
				ALWAYS_EMBED_SWIFT_STANDARD_LIBRARIES = YES;
				ALWAYS_SEARCH_USER_PATHS = NO;
				CLANG_ANALYZER_NONNULL = YES;
				CLANG_CXX_LANGUAGE_STANDARD = "gnu++0x";
				CLANG_CXX_LIBRARY = "libc++";
				CLANG_ENABLE_MODULES = YES;
				CLANG_ENABLE_OBJC_ARC = YES;
				CLANG_WARN_BOOL_CONVERSION = YES;
				CLANG_WARN_CONSTANT_CONVERSION = YES;
				CLANG_WARN_DIRECT_OBJC_ISA_USAGE = YES_ERROR;
				CLANG_WARN_DOCUMENTATION_COMMENTS = YES;
				CLANG_WARN_EMPTY_BODY = YES;
				CLANG_WARN_ENUM_CONVERSION = YES;
				CLANG_WARN_INFINITE_RECURSION = YES;
				CLANG_WARN_INT_CONVERSION = YES;
				CLANG_WARN_OBJC_ROOT_CLASS = YES_ERROR;
				CLANG_WARN_SUSPICIOUS_MOVE = YES;
				CLANG_WARN_SUSPICIOUS_MOVES = YES;
				CLANG_WARN_UNREACHABLE_CODE = YES;
				CLANG_WARN__DUPLICATE_METHOD_MATCH = YES;
				"CODE_SIGN_IDENTITY[sdk=iphoneos*]" = "iPhone Developer";
				COPY_PHASE_STRIP = NO;
				DEBUG_INFORMATION_FORMAT = dwarf;
				ENABLE_STRICT_OBJC_MSGSEND = YES;
				ENABLE_TESTABILITY = YES;
				GCC_C_LANGUAGE_STANDARD = gnu99;
				GCC_DYNAMIC_NO_PIC = NO;
				GCC_NO_COMMON_BLOCKS = YES;
				GCC_OPTIMIZATION_LEVEL = 0;
				GCC_PREPROCESSOR_DEFINITIONS = (
					"DEBUG=1",
					"$(inherited)",
				);
				GCC_WARN_64_TO_32_BIT_CONVERSION = YES;
				GCC_WARN_ABOUT_RETURN_TYPE = YES_ERROR;
				GCC_WARN_UNDECLARED_SELECTOR = YES;
				GCC_WARN_UNINITIALIZED_AUTOS = YES_AGGRESSIVE;
				GCC_WARN_UNUSED_FUNCTION = YES;
				GCC_WARN_UNUSED_VARIABLE = YES;
				IPHONEOS_DEPLOYMENT_TARGET = 10.0;
				MTL_ENABLE_DEBUG_INFO = YES;
				ONLY_ACTIVE_ARCH = YES;
				SDKROOT = iphoneos;
				SWIFT_ACTIVE_COMPILATION_CONDITIONS = DEBUG;
				SWIFT_OPTIMIZATION_LEVEL = "-Onone";
			};
			name = Debug;
		};
		55F1F8C51DAB671500B93D50 /* Release */ = {
			isa = XCBuildConfiguration;
			baseConfigurationReference = B2A142A6AE80190CEA534A36 /* Pods-ieeeNSIT.release.xcconfig */;
			buildSettings = {
				ALWAYS_EMBED_SWIFT_STANDARD_LIBRARIES = YES;
				ALWAYS_SEARCH_USER_PATHS = NO;
				CLANG_ANALYZER_NONNULL = YES;
				CLANG_CXX_LANGUAGE_STANDARD = "gnu++0x";
				CLANG_CXX_LIBRARY = "libc++";
				CLANG_ENABLE_MODULES = YES;
				CLANG_ENABLE_OBJC_ARC = YES;
				CLANG_WARN_BOOL_CONVERSION = YES;
				CLANG_WARN_CONSTANT_CONVERSION = YES;
				CLANG_WARN_DIRECT_OBJC_ISA_USAGE = YES_ERROR;
				CLANG_WARN_DOCUMENTATION_COMMENTS = YES;
				CLANG_WARN_EMPTY_BODY = YES;
				CLANG_WARN_ENUM_CONVERSION = YES;
				CLANG_WARN_INFINITE_RECURSION = YES;
				CLANG_WARN_INT_CONVERSION = YES;
				CLANG_WARN_OBJC_ROOT_CLASS = YES_ERROR;
				CLANG_WARN_SUSPICIOUS_MOVE = YES;
				CLANG_WARN_SUSPICIOUS_MOVES = YES;
				CLANG_WARN_UNREACHABLE_CODE = YES;
				CLANG_WARN__DUPLICATE_METHOD_MATCH = YES;
				"CODE_SIGN_IDENTITY[sdk=iphoneos*]" = "iPhone Developer";
				COPY_PHASE_STRIP = NO;
				DEBUG_INFORMATION_FORMAT = "dwarf-with-dsym";
				ENABLE_NS_ASSERTIONS = NO;
				ENABLE_STRICT_OBJC_MSGSEND = YES;
				GCC_C_LANGUAGE_STANDARD = gnu99;
				GCC_NO_COMMON_BLOCKS = YES;
				GCC_WARN_64_TO_32_BIT_CONVERSION = YES;
				GCC_WARN_ABOUT_RETURN_TYPE = YES_ERROR;
				GCC_WARN_UNDECLARED_SELECTOR = YES;
				GCC_WARN_UNINITIALIZED_AUTOS = YES_AGGRESSIVE;
				GCC_WARN_UNUSED_FUNCTION = YES;
				GCC_WARN_UNUSED_VARIABLE = YES;
				IPHONEOS_DEPLOYMENT_TARGET = 10.0;
				MTL_ENABLE_DEBUG_INFO = NO;
				SDKROOT = iphoneos;
				SWIFT_OPTIMIZATION_LEVEL = "-Owholemodule";
				VALIDATE_PRODUCT = YES;
			};
			name = Release;
		};
		55F1F8C71DAB671500B93D50 /* Debug */ = {
			isa = XCBuildConfiguration;
			baseConfigurationReference = 97FD9E792CC18284AA5572F7 /* Pods-ieeeNSIT.debug.xcconfig */;
			buildSettings = {
				ALWAYS_EMBED_SWIFT_STANDARD_LIBRARIES = YES;
				ASSETCATALOG_COMPILER_APPICON_NAME = AppIcon;
				CODE_SIGN_ENTITLEMENTS = ieeeNSIT/ieeeNSIT.entitlements;
				"CODE_SIGN_IDENTITY[sdk=iphoneos*]" = "iPhone Developer";
				DEVELOPMENT_TEAM = 3A9TH8N8KH;
				INFOPLIST_FILE = ieeeNSIT/Info.plist;
				LD_RUNPATH_SEARCH_PATHS = "$(inherited) @executable_path/Frameworks";
				PRODUCT_BUNDLE_IDENTIFIER = "com.Swapnil-Dhanwal.ieeeNSIT";
				PRODUCT_NAME = "$(TARGET_NAME)";
				PROVISIONING_PROFILE = "";
				PROVISIONING_PROFILE_SPECIFIER = "";
				SWIFT_VERSION = 3.0;
			};
			name = Debug;
		};
		55F1F8C81DAB671500B93D50 /* Release */ = {
			isa = XCBuildConfiguration;
			baseConfigurationReference = B2A142A6AE80190CEA534A36 /* Pods-ieeeNSIT.release.xcconfig */;
			buildSettings = {
				ALWAYS_EMBED_SWIFT_STANDARD_LIBRARIES = YES;
				ASSETCATALOG_COMPILER_APPICON_NAME = AppIcon;
				CODE_SIGN_ENTITLEMENTS = ieeeNSIT/ieeeNSIT.entitlements;
				"CODE_SIGN_IDENTITY[sdk=iphoneos*]" = "iPhone Developer";
				DEVELOPMENT_TEAM = 3A9TH8N8KH;
				INFOPLIST_FILE = ieeeNSIT/Info.plist;
				LD_RUNPATH_SEARCH_PATHS = "$(inherited) @executable_path/Frameworks";
				PRODUCT_BUNDLE_IDENTIFIER = "com.Swapnil-Dhanwal.ieeeNSIT";
				PRODUCT_NAME = "$(TARGET_NAME)";
				PROVISIONING_PROFILE = "";
				PROVISIONING_PROFILE_SPECIFIER = "";
				SWIFT_VERSION = 3.0;
			};
			name = Release;
		};
/* End XCBuildConfiguration section */

/* Begin XCConfigurationList section */
		55F1F8AD1DAB671500B93D50 /* Build configuration list for PBXProject "ieeeNSIT" */ = {
			isa = XCConfigurationList;
			buildConfigurations = (
				55F1F8C41DAB671500B93D50 /* Debug */,
				55F1F8C51DAB671500B93D50 /* Release */,
			);
			defaultConfigurationIsVisible = 0;
			defaultConfigurationName = Release;
		};
		55F1F8C61DAB671500B93D50 /* Build configuration list for PBXNativeTarget "ieeeNSIT" */ = {
			isa = XCConfigurationList;
			buildConfigurations = (
				55F1F8C71DAB671500B93D50 /* Debug */,
				55F1F8C81DAB671500B93D50 /* Release */,
			);
			defaultConfigurationIsVisible = 0;
			defaultConfigurationName = Release;
		};
/* End XCConfigurationList section */
	};
	rootObject = 55F1F8AA1DAB671500B93D50 /* Project object */;
}
