// !$*UTF8*$!
{
	archiveVersion = 1;
	classes = {
	};
	objectVersion = 46;
	objects = {

/* Begin PBXBuildFile section */
		55F1F8B61DAB671500B93D50 /* AppDelegate.swift in Sources */ = {isa = PBXBuildFile; fileRef = 55F1F8B51DAB671500B93D50 /* AppDelegate.swift */; };
		55F1F8B81DAB671500B93D50 /* FirstViewController.swift in Sources */ = {isa = PBXBuildFile; fileRef = 55F1F8B71DAB671500B93D50 /* FirstViewController.swift */; };
		55F1F8BA1DAB671500B93D50 /* SecondViewController.swift in Sources */ = {isa = PBXBuildFile; fileRef = 55F1F8B91DAB671500B93D50 /* SecondViewController.swift */; };
		55F1F8BD1DAB671500B93D50 /* Main.storyboard in Resources */ = {isa = PBXBuildFile; fileRef = 55F1F8BB1DAB671500B93D50 /* Main.storyboard */; };
		55F1F8BF1DAB671500B93D50 /* Assets.xcassets in Resources */ = {isa = PBXBuildFile; fileRef = 55F1F8BE1DAB671500B93D50 /* Assets.xcassets */; };
		55F1F8C21DAB671500B93D50 /* LaunchScreen.storyboard in Resources */ = {isa = PBXBuildFile; fileRef = 55F1F8C01DAB671500B93D50 /* LaunchScreen.storyboard */; };
/* End PBXBuildFile section */

/* Begin PBXFileReference section */
		55F1F8B21DAB671500B93D50 /* ieeeNSIT.app */ = {isa = PBXFileReference; explicitFileType = wrapper.application; includeInIndex = 0; path = ieeeNSIT.app; sourceTree = BUILT_PRODUCTS_DIR; };
		55F1F8B51DAB671500B93D50 /* AppDelegate.swift */ = {isa = PBXFileReference; lastKnownFileType = sourcecode.swift; path = AppDelegate.swift; sourceTree = "<group>"; };
		55F1F8B71DAB671500B93D50 /* FirstViewController.swift */ = {isa = PBXFileReference; lastKnownFileType = sourcecode.swift; path = FirstViewController.swift; sourceTree = "<group>"; };
		55F1F8B91DAB671500B93D50 /* SecondViewController.swift */ = {isa = PBXFileReference; lastKnownFileType = sourcecode.swift; path = SecondViewController.swift; sourceTree = "<group>"; };
		55F1F8BC1DAB671500B93D50 /* Base */ = {isa = PBXFileReference; lastKnownFileType = file.storyboard; name = Base; path = Base.lproj/Main.storyboard; sourceTree = "<group>"; };
		55F1F8BE1DAB671500B93D50 /* Assets.xcassets */ = {isa = PBXFileReference; lastKnownFileType = folder.assetcatalog; path = Assets.xcassets; sourceTree = "<group>"; };
		55F1F8C11DAB671500B93D50 /* Base */ = {isa = PBXFileReference; lastKnownFileType = file.storyboard; name = Base; path = Base.lproj/LaunchScreen.storyboard; sourceTree = "<group>"; };
		55F1F8C31DAB671500B93D50 /* Info.plist */ = {isa = PBXFileReference; lastKnownFileType = text.plist.xml; path = Info.plist; sourceTree = "<group>"; };
/* End PBXFileReference section */

/* Begin PBXFrameworksBuildPhase section */
		55F1F8AF1DAB671500B93D50 /* Frameworks */ = {
			isa = PBXFrameworksBuildPhase;
			buildActionMask = 2147483647;
			files = (
			);
			runOnlyForDeploymentPostprocessing = 0;
		};
/* End PBXFrameworksBuildPhase section */

/* Begin PBXGroup section */
		55F1F8A91DAB671500B93D50 = {
			isa = PBXGroup;
			children = (
				55F1F8B41DAB671500B93D50 /* ieeeNSIT */,
				55F1F8B31DAB671500B93D50 /* Products */,
			);
			sourceTree = "<group>";
		};
		55F1F8B31DAB671500B93D50 /* Products */ = {
			isa = PBXGroup;
			children = (
				55F1F8B21DAB671500B93D50 /* ieeeNSIT.app */,
			);
			name = Products;
			sourceTree = "<group>";
		};
		55F1F8B41DAB671500B93D50 /* ieeeNSIT */ = {
			isa = PBXGroup;
			children = (
				55F1F8B51DAB671500B93D50 /* AppDelegate.swift */,
				55F1F8B71DAB671500B93D50 /* FirstViewController.swift */,
				55F1F8B91DAB671500B93D50 /* SecondViewController.swift */,
				55F1F8BB1DAB671500B93D50 /* Main.storyboard */,
				55F1F8BE1DAB671500B93D50 /* Assets.xcassets */,
				55F1F8C01DAB671500B93D50 /* LaunchScreen.storyboard */,
				55F1F8C31DAB671500B93D50 /* Info.plist */,
			);
			path = ieeeNSIT;
			sourceTree = "<group>";
		};
/* End PBXGroup section */

/* Begin PBXNativeTarget section */
		55F1F8B11DAB671500B93D50 /* ieeeNSIT */ = {
			isa = PBXNativeTarget;
			buildConfigurationList = 55F1F8C61DAB671500B93D50 /* Build configuration list for PBXNativeTarget "ieeeNSIT" */;
			buildPhases = (
				55F1F8AE1DAB671500B93D50 /* Sources */,
				55F1F8AF1DAB671500B93D50 /* Frameworks */,
				55F1F8B01DAB671500B93D50 /* Resources */,
			);
			buildRules = (
			);
			dependencies = (
			);
			name = ieeeNSIT;
			productName = ieeeNSIT;
			productReference = 55F1F8B21DAB671500B93D50 /* ieeeNSIT.app */;
			productType = "com.apple.product-type.application";
		};
/* End PBXNativeTarget section */

/* Begin PBXProject section */
		55F1F8AA1DAB671500B93D50 /* Project object */ = {
			isa = PBXProject;
			attributes = {
				LastSwiftUpdateCheck = 0800;
				LastUpgradeCheck = 0800;
				ORGANIZATIONNAME = "Swapnil Dhanwal";
				TargetAttributes = {
					55F1F8B11DAB671500B93D50 = {
						CreatedOnToolsVersion = 8.0;
						DevelopmentTeam = 3A9TH8N8KH;
						ProvisioningStyle = Automatic;
					};
				};
			};
			buildConfigurationList = 55F1F8AD1DAB671500B93D50 /* Build configuration list for PBXProject "ieeeNSIT" */;
			compatibilityVersion = "Xcode 3.2";
			developmentRegion = English;
			hasScannedForEncodings = 0;
			knownRegions = (
				en,
				Base,
			);
			mainGroup = 55F1F8A91DAB671500B93D50;
			productRefGroup = 55F1F8B31DAB671500B93D50 /* Products */;
			projectDirPath = "";
			projectRoot = "";
			targets = (
				55F1F8B11DAB671500B93D50 /* ieeeNSIT */,
			);
		};
/* End PBXProject section */

/* Begin PBXResourcesBuildPhase section */
		55F1F8B01DAB671500B93D50 /* Resources */ = {
			isa = PBXResourcesBuildPhase;
			buildActionMask = 2147483647;
			files = (
				55F1F8C21DAB671500B93D50 /* LaunchScreen.storyboard in Resources */,
				55F1F8BF1DAB671500B93D50 /* Assets.xcassets in Resources */,
				55F1F8BD1DAB671500B93D50 /* Main.storyboard in Resources */,
			);
			runOnlyForDeploymentPostprocessing = 0;
		};
/* End PBXResourcesBuildPhase section */

/* Begin PBXSourcesBuildPhase section */
		55F1F8AE1DAB671500B93D50 /* Sources */ = {
			isa = PBXSourcesBuildPhase;
			buildActionMask = 2147483647;
			files = (
				55F1F8BA1DAB671500B93D50 /* SecondViewController.swift in Sources */,
				55F1F8B61DAB671500B93D50 /* AppDelegate.swift in Sources */,
				55F1F8B81DAB671500B93D50 /* FirstViewController.swift in Sources */,
			);
			runOnlyForDeploymentPostprocessing = 0;
		};
/* End PBXSourcesBuildPhase section */

/* Begin PBXVariantGroup section */
		55F1F8BB1DAB671500B93D50 /* Main.storyboard */ = {
			isa = PBXVariantGroup;
			children = (
				55F1F8BC1DAB671500B93D50 /* Base */,
			);
			name = Main.storyboard;
			sourceTree = "<group>";
		};
		55F1F8C01DAB671500B93D50 /* LaunchScreen.storyboard */ = {
			isa = PBXVariantGroup;
			children = (
				55F1F8C11DAB671500B93D50 /* Base */,
			);
			name = LaunchScreen.storyboard;
			sourceTree = "<group>";
		};
/* End PBXVariantGroup section */

/* Begin XCBuildConfiguration section */
		55F1F8C41DAB671500B93D50 /* Debug */ = {
			isa = XCBuildConfiguration;
			buildSettings = {
				ALWAYS_SEARCH_USER_PATHS = NO;
				CLANG_ANALYZER_NONNULL = YES;
				CLANG_CXX_LANGUAGE_STANDARD = "gnu++0x";
				CLANG_CXX_LIBRARY = "libc++";
				CLANG_ENABLE_MODULES = YES;
				CLANG_ENABLE_OBJC_ARC = YES;
				CLANG_WARN_BOOL_CONVERSION = YES;
				CLANG_WARN_CONSTANT_CONVERSION = YES;
				CLANG_WARN_DIRECT_OBJC_ISA_USAGE = YES_ERROR;
				CLANG_WARN_DOCUMENTATION_COMMENTS = YES;
				CLANG_WARN_EMPTY_BODY = YES;
				CLANG_WARN_ENUM_CONVERSION = YES;
				CLANG_WARN_INFINITE_RECURSION = YES;
				CLANG_WARN_INT_CONVERSION = YES;
				CLANG_WARN_OBJC_ROOT_CLASS = YES_ERROR;
				CLANG_WARN_SUSPICIOUS_MOVES = YES;
				CLANG_WARN_UNREACHABLE_CODE = YES;
				CLANG_WARN__DUPLICATE_METHOD_MATCH = YES;
				"CODE_SIGN_IDENTITY[sdk=iphoneos*]" = "iPhone Developer";
				COPY_PHASE_STRIP = NO;
				DEBUG_INFORMATION_FORMAT = dwarf;
				ENABLE_STRICT_OBJC_MSGSEND = YES;
				ENABLE_TESTABILITY = YES;
				GCC_C_LANGUAGE_STANDARD = gnu99;
				GCC_DYNAMIC_NO_PIC = NO;
				GCC_NO_COMMON_BLOCKS = YES;
				GCC_OPTIMIZATION_LEVEL = 0;
				GCC_PREPROCESSOR_DEFINITIONS = (
					"DEBUG=1",
					"$(inherited)",
				);
				GCC_WARN_64_TO_32_BIT_CONVERSION = YES;
				GCC_WARN_ABOUT_RETURN_TYPE = YES_ERROR;
				GCC_WARN_UNDECLARED_SELECTOR = YES;
				GCC_WARN_UNINITIALIZED_AUTOS = YES_AGGRESSIVE;
				GCC_WARN_UNUSED_FUNCTION = YES;
				GCC_WARN_UNUSED_VARIABLE = YES;
				IPHONEOS_DEPLOYMENT_TARGET = 10.0;
				MTL_ENABLE_DEBUG_INFO = YES;
				ONLY_ACTIVE_ARCH = YES;
				SDKROOT = iphoneos;
				SWIFT_ACTIVE_COMPILATION_CONDITIONS = DEBUG;
				SWIFT_OPTIMIZATION_LEVEL = "-Onone";
			};
			name = Debug;
		};
		55F1F8C51DAB671500B93D50 /* Release */ = {
			isa = XCBuildConfiguration;
			buildSettings = {
				ALWAYS_SEARCH_USER_PATHS = NO;
				CLANG_ANALYZER_NONNULL = YES;
				CLANG_CXX_LANGUAGE_STANDARD = "gnu++0x";
				CLANG_CXX_LIBRARY = "libc++";
				CLANG_ENABLE_MODULES = YES;
				CLANG_ENABLE_OBJC_ARC = YES;
				CLANG_WARN_BOOL_CONVERSION = YES;
				CLANG_WARN_CONSTANT_CONVERSION = YES;
				CLANG_WARN_DIRECT_OBJC_ISA_USAGE = YES_ERROR;
				CLANG_WARN_DOCUMENTATION_COMMENTS = YES;
				CLANG_WARN_EMPTY_BODY = YES;
				CLANG_WARN_ENUM_CONVERSION = YES;
				CLANG_WARN_INFINITE_RECURSION = YES;
				CLANG_WARN_INT_CONVERSION = YES;
				CLANG_WARN_OBJC_ROOT_CLASS = YES_ERROR;
				CLANG_WARN_SUSPICIOUS_MOVES = YES;
				CLANG_WARN_UNREACHABLE_CODE = YES;
				CLANG_WARN__DUPLICATE_METHOD_MATCH = YES;
				"CODE_SIGN_IDENTITY[sdk=iphoneos*]" = "iPhone Developer";
				COPY_PHASE_STRIP = NO;
				DEBUG_INFORMATION_FORMAT = "dwarf-with-dsym";
				ENABLE_NS_ASSERTIONS = NO;
				ENABLE_STRICT_OBJC_MSGSEND = YES;
				GCC_C_LANGUAGE_STANDARD = gnu99;
				GCC_NO_COMMON_BLOCKS = YES;
				GCC_WARN_64_TO_32_BIT_CONVERSION = YES;
				GCC_WARN_ABOUT_RETURN_TYPE = YES_ERROR;
				GCC_WARN_UNDECLARED_SELECTOR = YES;
				GCC_WARN_UNINITIALIZED_AUTOS = YES_AGGRESSIVE;
				GCC_WARN_UNUSED_FUNCTION = YES;
				GCC_WARN_UNUSED_VARIABLE = YES;
				IPHONEOS_DEPLOYMENT_TARGET = 10.0;
				MTL_ENABLE_DEBUG_INFO = NO;
				SDKROOT = iphoneos;
				SWIFT_OPTIMIZATION_LEVEL = "-Owholemodule";
				VALIDATE_PRODUCT = YES;
			};
			name = Release;
		};
		55F1F8C71DAB671500B93D50 /* Debug */ = {
			isa = XCBuildConfiguration;
			buildSettings = {
				ASSETCATALOG_COMPILER_APPICON_NAME = AppIcon;
				DEVELOPMENT_TEAM = 3A9TH8N8KH;
				INFOPLIST_FILE = ieeeNSIT/Info.plist;
				LD_RUNPATH_SEARCH_PATHS = "$(inherited) @executable_path/Frameworks";
				PRODUCT_BUNDLE_IDENTIFIER = "com.Swapnil-Dhanwal.ieeeNSIT";
				PRODUCT_NAME = "$(TARGET_NAME)";
				SWIFT_VERSION = 3.0;
			};
			name = Debug;
		};
		55F1F8C81DAB671500B93D50 /* Release */ = {
			isa = XCBuildConfiguration;
			buildSettings = {
				ASSETCATALOG_COMPILER_APPICON_NAME = AppIcon;
				DEVELOPMENT_TEAM = 3A9TH8N8KH;
				INFOPLIST_FILE = ieeeNSIT/Info.plist;
				LD_RUNPATH_SEARCH_PATHS = "$(inherited) @executable_path/Frameworks";
				PRODUCT_BUNDLE_IDENTIFIER = "com.Swapnil-Dhanwal.ieeeNSIT";
				PRODUCT_NAME = "$(TARGET_NAME)";
				SWIFT_VERSION = 3.0;
			};
			name = Release;
		};
/* End XCBuildConfiguration section */

/* Begin XCConfigurationList section */
		55F1F8AD1DAB671500B93D50 /* Build configuration list for PBXProject "ieeeNSIT" */ = {
			isa = XCConfigurationList;
			buildConfigurations = (
				55F1F8C41DAB671500B93D50 /* Debug */,
				55F1F8C51DAB671500B93D50 /* Release */,
			);
			defaultConfigurationIsVisible = 0;
			defaultConfigurationName = Release;
		};
		55F1F8C61DAB671500B93D50 /* Build configuration list for PBXNativeTarget "ieeeNSIT" */ = {
			isa = XCConfigurationList;
			buildConfigurations = (
				55F1F8C71DAB671500B93D50 /* Debug */,
				55F1F8C81DAB671500B93D50 /* Release */,
			);
			defaultConfigurationIsVisible = 0;
		};
/* End XCConfigurationList section */
	};
	rootObject = 55F1F8AA1DAB671500B93D50 /* Project object */;
}
